
Microsoft Visual Studio Solution File, Format Version 12.00
# Visual Studio Version 16
VisualStudioVersion = 16.0.29613.14
MinimumVisualStudioVersion = 10.0.40219.1
Project("{FAE04EC0-301F-11D3-BF4B-00C04F79EFBC}") = "RPSLS", "RPSLS\RPSLS.csproj", "{6879B4D7-41F6-4A5A-9DB5-2B9C43B12A3D}"
EndProject
Global
	GlobalSection(SolutionConfigurationPlatforms) = preSolution
		Debug|Any CPU = Debug|Any CPU
		Release|Any CPU = Release|Any CPU
	EndGlobalSection
	GlobalSection(ProjectConfigurationPlatforms) = postSolution
		{6879B4D7-41F6-4A5A-9DB5-2B9C43B12A3D}.Debug|Any CPU.ActiveCfg = Debug|Any CPU
		{6879B4D7-41F6-4A5A-9DB5-2B9C43B12A3D}.Debug|Any CPU.Build.0 = Debug|Any CPU
		{6879B4D7-41F6-4A5A-9DB5-2B9C43B12A3D}.Release|Any CPU.ActiveCfg = Release|Any CPU
		{6879B4D7-41F6-4A5A-9DB5-2B9C43B12A3D}.Release|Any CPU.Build.0 = Release|Any CPU
	EndGlobalSection
	GlobalSection(SolutionProperties) = preSolution
		HideSolutionNode = FALSE
	EndGlobalSection
	GlobalSection(ExtensibilityGlobals) = postSolution
		SolutionGuid = {80071D04-DF06-425C-93AA-6335306FC482}
	EndGlobalSection
EndGlobal
